# RIVR image lock — SINGLE SOURCE OF TRUTH for "what is live".
#
# This is the anti-drift anchor. Each row pins ONE channel to ONE immutable
# image ID (docker .Id — the content-addressed config digest), plus the local
# tag, source git SHA, and build time. The deploy script runs EXACTLY the pinned
# image ID for an instance's channel; the drift guard fails if any live
# container's running image ID differs from its channel pin here.
#
# NO REGISTRY. RIVR builds images on the host and ships them from there (never
# through a hub). The image ID is immutable and survives `docker save`/`load`,
# so it is a safe cross-host anchor; mutable tags (rivr:dev etc.) are the actual
# drift vector and are NOT trusted — only the ID is.
#
# Why per-channel: instances of the same app type intentionally run different
# code (prod=main, beta=beta, dev=dev branch). Each channel pins its own ID;
# "no drift" = every instance == its channel's pin, and every pin traces to a SHA.
#
# DO NOT hand-edit rows. tools/rivr-image-build.sh --pin writes them after a
# build and they are committed. tools/rivr-deploy.sh / rivr-drift-guard.sh read them.
#
# Local image repo for this module (no registry host — just the name half of name:tag):
IMAGE_REPO=rivr-person
#
# Rows (TSV):  channel <TAB> image_id(sha256:..) <TAB> tag <TAB> source_sha <TAB> built_at_utc
# channel	image_id	tag	source_sha	built_at
prod	sha256:0701d279c38e8a93c79d43587dc29ab60c75505c387d15a49c2fa49b57f5b3a6	rivr-person:prod-e93302113b97	e93302113b97d228e9a587eaa2ae34aec4260b7f	2026-07-20T23:30:23Z
dev	sha256:0701d279c38e8a93c79d43587dc29ab60c75505c387d15a49c2fa49b57f5b3a6	rivr-person:dev-e93302113b97	e93302113b97d228e9a587eaa2ae34aec4260b7f	2026-07-20T23:35:37Z
