# RIVR image lock — SINGLE SOURCE OF TRUTH for "what is live".
#
# This is the anti-drift anchor. Each row pins ONE channel to ONE immutable
# image ID (docker .Id — the content-addressed config digest), plus the local
# tag, source git SHA, and build time. The deploy script runs EXACTLY the pinned
# image ID for an instance's channel; the drift guard fails if any live
# container's running image ID differs from its channel pin here.
#
# NO REGISTRY. RIVR builds images on the host and ships them from there (never
# through a hub). The image ID is immutable and survives `docker save`/`load`,
# so it is a safe cross-host anchor; mutable tags (rivr:dev etc.) are the actual
# drift vector and are NOT trusted — only the ID is.
#
# Why per-channel: instances of the same app type intentionally run different
# code (prod=main, beta=beta, dev=dev branch). Each channel pins its own ID;
# "no drift" = every instance == its channel's pin, and every pin traces to a SHA.
#
# DO NOT hand-edit rows. tools/rivr-image-build.sh --pin writes them after a
# build and they are committed. tools/rivr-deploy.sh / rivr-drift-guard.sh read them.
#
# Local image repo for this module (no registry host — just the name half of name:tag):
IMAGE_REPO=rivr-person
#
# Rows (TSV):  channel <TAB> image_id(sha256:..) <TAB> tag <TAB> source_sha <TAB> built_at_utc
# channel	image_id	tag	source_sha	built_at
prod	sha256:815583b8cd4c6f9622ed7f69a924317e649741f6a56c55f6befdd6dbf97bc2a7	rivr-person:prod-16daface5d61	16daface5d61bff6ddf1de044d4ecb0b1f59448e	2026-07-15T00:07:40Z
dev	sha256:815583b8cd4c6f9622ed7f69a924317e649741f6a56c55f6befdd6dbf97bc2a7	rivr-person:dev-16daface5d61	16daface5d61bff6ddf1de044d4ecb0b1f59448e	2026-07-15T00:14:36Z
